
Microsoft Visual Studio Solution File, Format Version 12.00
# Visual Studio Version 17
VisualStudioVersion = 17.3.32901.215
MinimumVisualStudioVersion = 10.0.40219.1
Project("{FAE04EC0-301F-11D3-BF4B-00C04F79EFBC}") = "DataHandler", "DataHandler.csproj", "{B9924DC0-171C-4709-9592-4338F3A0D34E}"
EndProject
Global
	GlobalSection(SolutionConfigurationPlatforms) = preSolution
		Debug|Any CPU = Debug|Any CPU
		Release|Any CPU = Release|Any CPU
	EndGlobalSection
	GlobalSection(ProjectConfigurationPlatforms) = postSolution
		{B9924DC0-171C-4709-9592-4338F3A0D34E}.Debug|Any CPU.ActiveCfg = Debug|Any CPU
		{B9924DC0-171C-4709-9592-4338F3A0D34E}.Debug|Any CPU.Build.0 = Debug|Any CPU
		{B9924DC0-171C-4709-9592-4338F3A0D34E}.Release|Any CPU.ActiveCfg = Release|Any CPU
		{B9924DC0-171C-4709-9592-4338F3A0D34E}.Release|Any CPU.Build.0 = Release|Any CPU
	EndGlobalSection
	GlobalSection(SolutionProperties) = preSolution
		HideSolutionNode = FALSE
	EndGlobalSection
	GlobalSection(ExtensibilityGlobals) = postSolution
		SolutionGuid = {BBB9452E-D848-40E8-973E-1C8F224413DE}
	EndGlobalSection
EndGlobal
